
Microsoft Visual Studio Solution File, Format Version 12.00
# Visual Studio 14
VisualStudioVersion = 14.0.25123.0
MinimumVisualStudioVersion = 10.0.40219.1
Project("{FAE04EC0-301F-11D3-BF4B-00C04F79EFBC}") = "ProxyLogAnalyzer", "ProxyLogAnalyzer\ProxyLogAnalyzer.csproj", "{ADCE0EB3-9CBB-4B0A-97FD-E38FDFCC70C5}"
EndProject
Global
	GlobalSection(SolutionConfigurationPlatforms) = preSolution
		Debug|Any CPU = Debug|Any CPU
		Release|Any CPU = Release|Any CPU
	EndGlobalSection
	GlobalSection(ProjectConfigurationPlatforms) = postSolution
		{ADCE0EB3-9CBB-4B0A-97FD-E38FDFCC70C5}.Debug|Any CPU.ActiveCfg = Debug|Any CPU
		{ADCE0EB3-9CBB-4B0A-97FD-E38FDFCC70C5}.Debug|Any CPU.Build.0 = Debug|Any CPU
		{ADCE0EB3-9CBB-4B0A-97FD-E38FDFCC70C5}.Release|Any CPU.ActiveCfg = Release|Any CPU
		{ADCE0EB3-9CBB-4B0A-97FD-E38FDFCC70C5}.Release|Any CPU.Build.0 = Release|Any CPU
	EndGlobalSection
	GlobalSection(SolutionProperties) = preSolution
		HideSolutionNode = FALSE
	EndGlobalSection
EndGlobal
